
Microsoft Visual Studio Solution File, Format Version 12.00
# Visual Studio Version 17
VisualStudioVersion = 17.9.34701.34
MinimumVisualStudioVersion = 10.0.40219.1
Project("{2150E333-8FDC-42A3-9474-1A3956D46DE8}") = "Services", "Services", "{1A0A8308-7F57-4AFA-AD5B-1E4E414E3297}"
EndProject
Project("{2150E333-8FDC-42A3-9474-1A3956D46DE8}") = "Catalog", "Catalog", "{76A85F2A-690B-4CA7-8B46-60F83A1E9A32}"
EndProject
Project("{9A19103F-16F7-4668-BE54-9A1E7A4F7556}") = "Catalog.API", "Catalog.API\Catalog.API.csproj", "{A71804B8-A4D3-4D72-A7BF-DF38561329BA}"
EndProject
Project("{9A19103F-16F7-4668-BE54-9A1E7A4F7556}") = "Catalog.Core", "Catalog.Core\Catalog.Core.csproj", "{BF453581-EE4E-4945-BE09-346B42C4AD28}"
EndProject
Project("{9A19103F-16F7-4668-BE54-9A1E7A4F7556}") = "Catalog.Application", "Catalog.Application\Catalog.Application.csproj", "{EAA98CE2-0DCA-4107-BC71-2FFC86E8F825}"
EndProject
Project("{9A19103F-16F7-4668-BE54-9A1E7A4F7556}") = "Catalog.Infrastructure", "Catalog.Infrastructure\Catalog.Infrastructure.csproj", "{83A039FB-A5B5-4ABE-8879-A6BC21F6C55B}"
EndProject
Project("{E53339B2-1760-4266-BCC7-CA923CBCF16C}") = "docker-compose", "docker-compose.dcproj", "{6C330228-F317-420A-9870-8FB75A0DEC9F}"
EndProject
Project("{2150E333-8FDC-42A3-9474-1A3956D46DE8}") = "Basket", "Basket", "{72CAE05C-0693-48A5-9814-6DC9FB7EAD9E}"
EndProject
Project("{9A19103F-16F7-4668-BE54-9A1E7A4F7556}") = "Basket.Core", "Basket.Core\Basket.Core.csproj", "{B019D44C-4A67-44A3-8347-161BFC983C8D}"
EndProject
Project("{9A19103F-16F7-4668-BE54-9A1E7A4F7556}") = "Basket.API", "Basket.API\Basket.API.csproj", "{167BDBF3-0BA3-467D-A690-D8891A868F61}"
EndProject
Project("{9A19103F-16F7-4668-BE54-9A1E7A4F7556}") = "Basket.Application", "Basket.Application\Basket.Application.csproj", "{787DBCD3-CD87-4472-B0D0-B5B26B268D45}"
EndProject
Project("{9A19103F-16F7-4668-BE54-9A1E7A4F7556}") = "Basket.Infrastructure", "Basket.Infrastructure\Basket.Infrastructure.csproj", "{E0AFA21E-3BA2-49EE-9F08-21D67E9B5F0E}"
EndProject
Project("{2150E333-8FDC-42A3-9474-1A3956D46DE8}") = "Discount", "Discount", "{00578E68-5479-4F7D-855D-0D6267B32EC5}"
EndProject
Project("{9A19103F-16F7-4668-BE54-9A1E7A4F7556}") = "Discount.Core", "Discount.Core\Discount.Core.csproj", "{DD08F69A-109A-4237-867F-12F5E6C1C6FF}"
EndProject
Project("{9A19103F-16F7-4668-BE54-9A1E7A4F7556}") = "Discount.Application", "Discount.Application\Discount.Application.csproj", "{14E97BA7-72FE-429C-BDCD-CC60AA8CF394}"
EndProject
Project("{9A19103F-16F7-4668-BE54-9A1E7A4F7556}") = "Discount.Infrastructure", "Discount.Infrastructure\Discount.Infrastructure.csproj", "{35F4D1C6-C691-4921-A55E-2A569631D517}"
EndProject
Project("{9A19103F-16F7-4668-BE54-9A1E7A4F7556}") = "Discount.API", "Discount.API\Discount.API.csproj", "{D4659A92-5E1E-4A8A-9645-1B1E54D2834E}"
EndProject
Project("{2150E333-8FDC-42A3-9474-1A3956D46DE8}") = "Ordering", "Ordering", "{7D67C59F-049C-459F-88C4-E29116BA3B98}"
EndProject
Project("{9A19103F-16F7-4668-BE54-9A1E7A4F7556}") = "Ordering.Application", "Ordering.Application\Ordering.Application.csproj", "{D9C123B9-6FA4-4C76-9FA7-3F7C99960A12}"
EndProject
Project("{9A19103F-16F7-4668-BE54-9A1E7A4F7556}") = "Ordering.Core", "Ordering.Core\Ordering.Core.csproj", "{853E9F7F-B8D6-45D0-8904-0DEE1353C924}"
EndProject
Project("{9A19103F-16F7-4668-BE54-9A1E7A4F7556}") = "Ordering.Infrastructure", "Ordering.Infrastructure\Ordering.Infrastructure.csproj", "{CC70919F-7AB8-4B1C-848A-276A255B4951}"
EndProject
Project("{9A19103F-16F7-4668-BE54-9A1E7A4F7556}") = "Ordering.API", "Ordering.API\Ordering.API.csproj", "{ED1C0C08-87AB-4546-AE33-78C8FC308716}"
EndProject
Project("{2150E333-8FDC-42A3-9474-1A3956D46DE8}") = "Infrastructure", "Infrastructure", "{629732F2-85EE-4AA9-A987-90A032B3C2B7}"
EndProject
Project("{9A19103F-16F7-4668-BE54-9A1E7A4F7556}") = "EventBus.Messages", "EventBus.Messages\EventBus.Messages.csproj", "{ED81C154-51B2-4C1E-A61F-6A567DF72DA8}"
EndProject
Project("{2150E333-8FDC-42A3-9474-1A3956D46DE8}") = "API Gateway", "API Gateway", "{F35F39E0-78DD-428D-9B2C-222F9D2FF7AB}"
EndProject
Project("{FAE04EC0-301F-11D3-BF4B-00C04F79EFBC}") = "Ocelot.ApiGateway", "Ocelot.ApiGateway\Ocelot.ApiGateway.csproj", "{ECDF954A-A5FD-4603-824C-58F42DCF785B}"
EndProject
Global
	GlobalSection(SolutionConfigurationPlatforms) = preSolution
		Debug|Any CPU = Debug|Any CPU
		Release|Any CPU = Release|Any CPU
	EndGlobalSection
	GlobalSection(ProjectConfigurationPlatforms) = postSolution
		{A71804B8-A4D3-4D72-A7BF-DF38561329BA}.Debug|Any CPU.ActiveCfg = Debug|Any CPU
		{A71804B8-A4D3-4D72-A7BF-DF38561329BA}.Debug|Any CPU.Build.0 = Debug|Any CPU
		{A71804B8-A4D3-4D72-A7BF-DF38561329BA}.Release|Any CPU.ActiveCfg = Release|Any CPU
		{A71804B8-A4D3-4D72-A7BF-DF38561329BA}.Release|Any CPU.Build.0 = Release|Any CPU
		{BF453581-EE4E-4945-BE09-346B42C4AD28}.Debug|Any CPU.ActiveCfg = Debug|Any CPU
		{BF453581-EE4E-4945-BE09-346B42C4AD28}.Debug|Any CPU.Build.0 = Debug|Any CPU
		{BF453581-EE4E-4945-BE09-346B42C4AD28}.Release|Any CPU.ActiveCfg = Release|Any CPU
		{BF453581-EE4E-4945-BE09-346B42C4AD28}.Release|Any CPU.Build.0 = Release|Any CPU
		{EAA98CE2-0DCA-4107-BC71-2FFC86E8F825}.Debug|Any CPU.ActiveCfg = Debug|Any CPU
		{EAA98CE2-0DCA-4107-BC71-2FFC86E8F825}.Debug|Any CPU.Build.0 = Debug|Any CPU
		{EAA98CE2-0DCA-4107-BC71-2FFC86E8F825}.Release|Any CPU.ActiveCfg = Release|Any CPU
		{EAA98CE2-0DCA-4107-BC71-2FFC86E8F825}.Release|Any CPU.Build.0 = Release|Any CPU
		{83A039FB-A5B5-4ABE-8879-A6BC21F6C55B}.Debug|Any CPU.ActiveCfg = Debug|Any CPU
		{83A039FB-A5B5-4ABE-8879-A6BC21F6C55B}.Debug|Any CPU.Build.0 = Debug|Any CPU
		{83A039FB-A5B5-4ABE-8879-A6BC21F6C55B}.Release|Any CPU.ActiveCfg = Release|Any CPU
		{83A039FB-A5B5-4ABE-8879-A6BC21F6C55B}.Release|Any CPU.Build.0 = Release|Any CPU
		{6C330228-F317-420A-9870-8FB75A0DEC9F}.Debug|Any CPU.ActiveCfg = Debug|Any CPU
		{6C330228-F317-420A-9870-8FB75A0DEC9F}.Debug|Any CPU.Build.0 = Debug|Any CPU
		{6C330228-F317-420A-9870-8FB75A0DEC9F}.Release|Any CPU.ActiveCfg = Release|Any CPU
		{6C330228-F317-420A-9870-8FB75A0DEC9F}.Release|Any CPU.Build.0 = Release|Any CPU
		{B019D44C-4A67-44A3-8347-161BFC983C8D}.Debug|Any CPU.ActiveCfg = Debug|Any CPU
		{B019D44C-4A67-44A3-8347-161BFC983C8D}.Debug|Any CPU.Build.0 = Debug|Any CPU
		{B019D44C-4A67-44A3-8347-161BFC983C8D}.Release|Any CPU.ActiveCfg = Release|Any CPU
		{B019D44C-4A67-44A3-8347-161BFC983C8D}.Release|Any CPU.Build.0 = Release|Any CPU
		{167BDBF3-0BA3-467D-A690-D8891A868F61}.Debug|Any CPU.ActiveCfg = Debug|Any CPU
		{167BDBF3-0BA3-467D-A690-D8891A868F61}.Debug|Any CPU.Build.0 = Debug|Any CPU
		{167BDBF3-0BA3-467D-A690-D8891A868F61}.Release|Any CPU.ActiveCfg = Release|Any CPU
		{167BDBF3-0BA3-467D-A690-D8891A868F61}.Release|Any CPU.Build.0 = Release|Any CPU
		{787DBCD3-CD87-4472-B0D0-B5B26B268D45}.Debug|Any CPU.ActiveCfg = Debug|Any CPU
		{787DBCD3-CD87-4472-B0D0-B5B26B268D45}.Debug|Any CPU.Build.0 = Debug|Any CPU
		{787DBCD3-CD87-4472-B0D0-B5B26B268D45}.Release|Any CPU.ActiveCfg = Release|Any CPU
		{787DBCD3-CD87-4472-B0D0-B5B26B268D45}.Release|Any CPU.Build.0 = Release|Any CPU
		{E0AFA21E-3BA2-49EE-9F08-21D67E9B5F0E}.Debug|Any CPU.ActiveCfg = Debug|Any CPU
		{E0AFA21E-3BA2-49EE-9F08-21D67E9B5F0E}.Debug|Any CPU.Build.0 = Debug|Any CPU
		{E0AFA21E-3BA2-49EE-9F08-21D67E9B5F0E}.Release|Any CPU.ActiveCfg = Release|Any CPU
		{E0AFA21E-3BA2-49EE-9F08-21D67E9B5F0E}.Release|Any CPU.Build.0 = Release|Any CPU
		{DD08F69A-109A-4237-867F-12F5E6C1C6FF}.Debug|Any CPU.ActiveCfg = Debug|Any CPU
		{DD08F69A-109A-4237-867F-12F5E6C1C6FF}.Debug|Any CPU.Build.0 = Debug|Any CPU
		{DD08F69A-109A-4237-867F-12F5E6C1C6FF}.Release|Any CPU.ActiveCfg = Release|Any CPU
		{DD08F69A-109A-4237-867F-12F5E6C1C6FF}.Release|Any CPU.Build.0 = Release|Any CPU
		{14E97BA7-72FE-429C-BDCD-CC60AA8CF394}.Debug|Any CPU.ActiveCfg = Debug|Any CPU
		{14E97BA7-72FE-429C-BDCD-CC60AA8CF394}.Debug|Any CPU.Build.0 = Debug|Any CPU
		{14E97BA7-72FE-429C-BDCD-CC60AA8CF394}.Release|Any CPU.ActiveCfg = Release|Any CPU
		{14E97BA7-72FE-429C-BDCD-CC60AA8CF394}.Release|Any CPU.Build.0 = Release|Any CPU
		{35F4D1C6-C691-4921-A55E-2A569631D517}.Debug|Any CPU.ActiveCfg = Debug|Any CPU
		{35F4D1C6-C691-4921-A55E-2A569631D517}.Debug|Any CPU.Build.0 = Debug|Any CPU
		{35F4D1C6-C691-4921-A55E-2A569631D517}.Release|Any CPU.ActiveCfg = Release|Any CPU
		{35F4D1C6-C691-4921-A55E-2A569631D517}.Release|Any CPU.Build.0 = Release|Any CPU
		{D4659A92-5E1E-4A8A-9645-1B1E54D2834E}.Debug|Any CPU.ActiveCfg = Debug|Any CPU
		{D4659A92-5E1E-4A8A-9645-1B1E54D2834E}.Debug|Any CPU.Build.0 = Debug|Any CPU
		{D4659A92-5E1E-4A8A-9645-1B1E54D2834E}.Release|Any CPU.ActiveCfg = Release|Any CPU
		{D4659A92-5E1E-4A8A-9645-1B1E54D2834E}.Release|Any CPU.Build.0 = Release|Any CPU
		{D9C123B9-6FA4-4C76-9FA7-3F7C99960A12}.Debug|Any CPU.ActiveCfg = Debug|Any CPU
		{D9C123B9-6FA4-4C76-9FA7-3F7C99960A12}.Debug|Any CPU.Build.0 = Debug|Any CPU
		{D9C123B9-6FA4-4C76-9FA7-3F7C99960A12}.Release|Any CPU.ActiveCfg = Release|Any CPU
		{D9C123B9-6FA4-4C76-9FA7-3F7C99960A12}.Release|Any CPU.Build.0 = Release|Any CPU
		{853E9F7F-B8D6-45D0-8904-0DEE1353C924}.Debug|Any CPU.ActiveCfg = Debug|Any CPU
		{853E9F7F-B8D6-45D0-8904-0DEE1353C924}.Debug|Any CPU.Build.0 = Debug|Any CPU
		{853E9F7F-B8D6-45D0-8904-0DEE1353C924}.Release|Any CPU.ActiveCfg = Release|Any CPU
		{853E9F7F-B8D6-45D0-8904-0DEE1353C924}.Release|Any CPU.Build.0 = Release|Any CPU
		{CC70919F-7AB8-4B1C-848A-276A255B4951}.Debug|Any CPU.ActiveCfg = Debug|Any CPU
		{CC70919F-7AB8-4B1C-848A-276A255B4951}.Debug|Any CPU.Build.0 = Debug|Any CPU
		{CC70919F-7AB8-4B1C-848A-276A255B4951}.Release|Any CPU.ActiveCfg = Release|Any CPU
		{CC70919F-7AB8-4B1C-848A-276A255B4951}.Release|Any CPU.Build.0 = Release|Any CPU
		{ED1C0C08-87AB-4546-AE33-78C8FC308716}.Debug|Any CPU.ActiveCfg = Debug|Any CPU
		{ED1C0C08-87AB-4546-AE33-78C8FC308716}.Debug|Any CPU.Build.0 = Debug|Any CPU
		{ED1C0C08-87AB-4546-AE33-78C8FC308716}.Release|Any CPU.ActiveCfg = Release|Any CPU
		{ED1C0C08-87AB-4546-AE33-78C8FC308716}.Release|Any CPU.Build.0 = Release|Any CPU
		{ED81C154-51B2-4C1E-A61F-6A567DF72DA8}.Debug|Any CPU.ActiveCfg = Debug|Any CPU
		{ED81C154-51B2-4C1E-A61F-6A567DF72DA8}.Debug|Any CPU.Build.0 = Debug|Any CPU
		{ED81C154-51B2-4C1E-A61F-6A567DF72DA8}.Release|Any CPU.ActiveCfg = Release|Any CPU
		{ED81C154-51B2-4C1E-A61F-6A567DF72DA8}.Release|Any CPU.Build.0 = Release|Any CPU
		{ECDF954A-A5FD-4603-824C-58F42DCF785B}.Debug|Any CPU.ActiveCfg = Debug|Any CPU
		{ECDF954A-A5FD-4603-824C-58F42DCF785B}.Debug|Any CPU.Build.0 = Debug|Any CPU
		{ECDF954A-A5FD-4603-824C-58F42DCF785B}.Release|Any CPU.ActiveCfg = Release|Any CPU
		{ECDF954A-A5FD-4603-824C-58F42DCF785B}.Release|Any CPU.Build.0 = Release|Any CPU
	EndGlobalSection
	GlobalSection(SolutionProperties) = preSolution
		HideSolutionNode = FALSE
	EndGlobalSection
	GlobalSection(NestedProjects) = preSolution
		{76A85F2A-690B-4CA7-8B46-60F83A1E9A32} = {1A0A8308-7F57-4AFA-AD5B-1E4E414E3297}
		{A71804B8-A4D3-4D72-A7BF-DF38561329BA} = {76A85F2A-690B-4CA7-8B46-60F83A1E9A32}
		{BF453581-EE4E-4945-BE09-346B42C4AD28} = {76A85F2A-690B-4CA7-8B46-60F83A1E9A32}
		{EAA98CE2-0DCA-4107-BC71-2FFC86E8F825} = {76A85F2A-690B-4CA7-8B46-60F83A1E9A32}
		{83A039FB-A5B5-4ABE-8879-A6BC21F6C55B} = {76A85F2A-690B-4CA7-8B46-60F83A1E9A32}
		{72CAE05C-0693-48A5-9814-6DC9FB7EAD9E} = {1A0A8308-7F57-4AFA-AD5B-1E4E414E3297}
		{B019D44C-4A67-44A3-8347-161BFC983C8D} = {72CAE05C-0693-48A5-9814-6DC9FB7EAD9E}
		{167BDBF3-0BA3-467D-A690-D8891A868F61} = {72CAE05C-0693-48A5-9814-6DC9FB7EAD9E}
		{787DBCD3-CD87-4472-B0D0-B5B26B268D45} = {72CAE05C-0693-48A5-9814-6DC9FB7EAD9E}
		{E0AFA21E-3BA2-49EE-9F08-21D67E9B5F0E} = {72CAE05C-0693-48A5-9814-6DC9FB7EAD9E}
		{00578E68-5479-4F7D-855D-0D6267B32EC5} = {1A0A8308-7F57-4AFA-AD5B-1E4E414E3297}
		{DD08F69A-109A-4237-867F-12F5E6C1C6FF} = {00578E68-5479-4F7D-855D-0D6267B32EC5}
		{14E97BA7-72FE-429C-BDCD-CC60AA8CF394} = {00578E68-5479-4F7D-855D-0D6267B32EC5}
		{35F4D1C6-C691-4921-A55E-2A569631D517} = {00578E68-5479-4F7D-855D-0D6267B32EC5}
		{D4659A92-5E1E-4A8A-9645-1B1E54D2834E} = {00578E68-5479-4F7D-855D-0D6267B32EC5}
		{7D67C59F-049C-459F-88C4-E29116BA3B98} = {1A0A8308-7F57-4AFA-AD5B-1E4E414E3297}
		{D9C123B9-6FA4-4C76-9FA7-3F7C99960A12} = {7D67C59F-049C-459F-88C4-E29116BA3B98}
		{853E9F7F-B8D6-45D0-8904-0DEE1353C924} = {7D67C59F-049C-459F-88C4-E29116BA3B98}
		{CC70919F-7AB8-4B1C-848A-276A255B4951} = {7D67C59F-049C-459F-88C4-E29116BA3B98}
		{ED1C0C08-87AB-4546-AE33-78C8FC308716} = {7D67C59F-049C-459F-88C4-E29116BA3B98}
		{ED81C154-51B2-4C1E-A61F-6A567DF72DA8} = {629732F2-85EE-4AA9-A987-90A032B3C2B7}
		{ECDF954A-A5FD-4603-824C-58F42DCF785B} = {F35F39E0-78DD-428D-9B2C-222F9D2FF7AB}
	EndGlobalSection
	GlobalSection(ExtensibilityGlobals) = postSolution
		SolutionGuid = {B7941895-AA3F-4BFF-A440-00F82AC1DA15}
	EndGlobalSection
EndGlobal
